# This file is automatically @generated by Poetry 1.7.0 and should not be changed by hand.

[[package]]
name = "av"
version = "11.0.0"
description = "Pythonic bindings for FFmpeg's libraries."
optional = false
python-versions = ">=3.8"
files = [
    {file = "av-11.0.0-cp310-cp310-macosx_10_9_x86_64.whl", hash = "sha256:a01f13b37eb6d181e03bbbbda29093fe2d68f10755795188220acdc89560ec27"},
    {file = "av-11.0.0-cp310-cp310-macosx_11_0_arm64.whl", hash = "sha256:b2236faee1b5d71dff3cdef81ef6eec22cc8b71dbfb45eb037e6437fe80f24e7"},
    {file = "av-11.0.0-cp310-cp310-manylinux_2_17_aarch64.manylinux2014_aarch64.whl", hash = "sha256:40543a08e5c84aecd2bc84da5d43548743201897f0ba21bf5ae3a4dcddefca2b"},
    {file = "av-11.0.0-cp310-cp310-manylinux_2_17_i686.manylinux2014_i686.whl", hash = "sha256:2907376884d956376aaf3bc1905fa4e0dcb9ba4e0d183e519392a19d89317d1b"},
    {file = "av-11.0.0-cp310-cp310-manylinux_2_17_x86_64.manylinux2014_x86_64.whl", hash = "sha256:e8d5581dcdc81cd601e3ce036809f14da82c46ff187bcefe981ec819390e0ab0"},
    {file = "av-11.0.0-cp310-cp310-win_amd64.whl", hash = "sha256:150490f2a62cfa470f3cb60f3a0060ff93afd807e2b7b3b0eeeb5a992eb8d67b"},
    {file = "av-11.0.0-cp311-cp311-macosx_10_9_x86_64.whl", hash = "sha256:d9bac0de62f09e2cb4e2132b5a46a89bc31c898189aa285b484c17351d991afe"},
    {file = "av-11.0.0-cp311-cp311-macosx_11_0_arm64.whl", hash = "sha256:2122ff8bdace4ce50207920f37de472517921e2ca1f0503464f748fdb8e20506"},
    {file = "av-11.0.0-cp311-cp311-manylinux_2_17_aarch64.manylinux2014_aarch64.whl", hash = "sha256:527d840697fee6ad4cf47eba987eaf30cd76bd96b2d20eaa907e166b9b8065c8"},
    {file = "av-11.0.0-cp311-cp311-manylinux_2_17_i686.manylinux2014_i686.whl", hash = "sha256:abeaedddfca9101886eb6fc47318c5f5ece8480d330d73aacf6917d7421981a2"},
    {file = "av-11.0.0-cp311-cp311-manylinux_2_17_x86_64.manylinux2014_x86_64.whl", hash = "sha256:13790fbb889b955baf885fe3761e923e85537ef414173465ec293177cedb7b99"},
    {file = "av-11.0.0-cp311-cp311-win_amd64.whl", hash = "sha256:fc27e27f52480287f44226ad4ae3eb53346bf027959d0f00a9154530bd98b371"},
    {file = "av-11.0.0-cp312-cp312-macosx_10_9_x86_64.whl", hash = "sha256:892583e2c6b8c2500e5d24310f499caefcdaa2e48c8f7169ad41041aaaf4da11"},
    {file = "av-11.0.0-cp312-cp312-macosx_11_0_arm64.whl", hash = "sha256:6943679d70a9f4de974049e7ae2cf0b20afe0d7ddab650526c02a6cf9adcd08f"},
    {file = "av-11.0.0-cp312-cp312-manylinux_2_17_aarch64.manylinux2014_aarch64.whl", hash = "sha256:e6d73b038ccf1df5c16bc643eee5c694fb7732e09375e2f4903c1f4ce90dfb72"},
    {file = "av-11.0.0-cp312-cp312-manylinux_2_17_i686.manylinux2014_i686.whl", hash = "sha256:c83422db3333e97b9680700df5185139352fc3a568b14179da3bdcbeb2f0e91b"},
    {file = "av-11.0.0-cp312-cp312-manylinux_2_17_x86_64.manylinux2014_x86_64.whl", hash = "sha256:8413900f6a3639e0088c018a3a516a1656d4d16799e7aa759a16ddf3bd268e2b"},
    {file = "av-11.0.0-cp312-cp312-win_amd64.whl", hash = "sha256:908e49ee336223801d8f2f7dca5a1deb64e9d8256138b8e7a79013b682a6ebb5"},
    {file = "av-11.0.0-cp38-cp38-macosx_10_9_x86_64.whl", hash = "sha256:82411ae4a562da07b76028d2f349fb0e6a86aa78ad2b18d2d7bf5b06b17fba14"},
    {file = "av-11.0.0-cp38-cp38-macosx_11_0_arm64.whl", hash = "sha256:621104bd63e38fa4eca554da3722b1aac329619de39152f27eec8999acc72342"},
    {file = "av-11.0.0-cp38-cp38-manylinux_2_17_aarch64.manylinux2014_aarch64.whl", hash = "sha256:442878990c094455a16c10127edcc54bc4e78d355e6a13ad2a27608b0ecda38f"},
    {file = "av-11.0.0-cp38-cp38-manylinux_2_17_i686.manylinux2014_i686.whl", hash = "sha256:658199c92987dc72511f5ee8ade62faef6234b7a04c8b5788de99e366be5e073"},
    {file = "av-11.0.0-cp38-cp38-manylinux_2_17_x86_64.manylinux2014_x86_64.whl", hash = "sha256:ad4b381665c49267b46f87297573898b85e5c41384750fee2e70267fbc4ba318"},
    {file = "av-11.0.0-cp38-cp38-win_amd64.whl", hash = "sha256:60de14f71293e36ca4e297cc8a8460f0cf74f38a201694f3c6fc7f40301582f2"},
    {file = "av-11.0.0-cp39-cp39-macosx_10_9_x86_64.whl", hash = "sha256:a90f04af96374dab94028a7471597bdfcf03083338b9be2eb8ca4805a8ec7ab5"},
    {file = "av-11.0.0-cp39-cp39-macosx_11_0_arm64.whl", hash = "sha256:8821ab2d23e4cb5c8abea6b08d2b1bfceca6af2d88fab1d1dc1b3ec7b34933c7"},
    {file = "av-11.0.0-cp39-cp39-manylinux_2_17_aarch64.manylinux2014_aarch64.whl", hash = "sha256:9a92342ed307eeaf9509a6b0f3bafd4337c4880c851b50acc18df48c625b63b6"},
    {file = "av-11.0.0-cp39-cp39-manylinux_2_17_i686.manylinux2014_i686.whl", hash = "sha256:bbe3502975bc844f5d432c1f24d331bf6ef3e05532ebf06f7ed08b60719b8ea5"},
    {file = "av-11.0.0-cp39-cp39-manylinux_2_17_x86_64.manylinux2014_x86_64.whl", hash = "sha256:c278b3a4fd111b4c9190abe6b1a5ca358d5f91e851d470b62577b957e0187b09"},
    {file = "av-11.0.0-cp39-cp39-win_amd64.whl", hash = "sha256:478aa1d54fbc3058ea65ff41086b6adbe1326b456a027d2f3b59dbe60b4ac2ca"},
    {file = "av-11.0.0-pp310-pypy310_pp73-macosx_10_9_x86_64.whl", hash = "sha256:e8df10bb2d56a981d02a8a0b41491912b76dad06305d174a2575ef55ad451100"},
    {file = "av-11.0.0-pp310-pypy310_pp73-manylinux_2_17_aarch64.manylinux2014_aarch64.whl", hash = "sha256:b30c51e597785a89241bd61865faff2dbd3327856a8285a1e120dbf60e18348b"},
    {file = "av-11.0.0-pp310-pypy310_pp73-manylinux_2_17_i686.manylinux2014_i686.whl", hash = "sha256:a8b8bd92edb096699b306e7b090ad096925ca3bdae6f89656f023fa2a2da627d"},
    {file = "av-11.0.0-pp310-pypy310_pp73-manylinux_2_17_x86_64.manylinux2014_x86_64.whl", hash = "sha256:9383af733abfc44f6fc29307a6c922fbf671ee343dc97b78b74eac6a2346a46d"},
    {file = "av-11.0.0-pp310-pypy310_pp73-win_amd64.whl", hash = "sha256:a9df4a60579198b560f641cdfe4c2139948a70193ddc096b275f2cf6d94e3e04"},
    {file = "av-11.0.0-pp38-pypy38_pp73-macosx_10_9_x86_64.whl", hash = "sha256:8ae5f7ae0a7093fb813686d4aa4c554531f80a28480427f5c155da51b747eff0"},
    {file = "av-11.0.0-pp38-pypy38_pp73-manylinux_2_17_aarch64.manylinux2014_aarch64.whl", hash = "sha256:50fb7d606f8236891d773c701d5650b93af8dbf78eeaac36fc7e1f7f64a9d664"},
    {file = "av-11.0.0-pp38-pypy38_pp73-manylinux_2_17_i686.manylinux2014_i686.whl", hash = "sha256:543e0f9bf6ff02dedbe66d906fbc89c8907c80a8ea7413fc3fed68ce4a6e9b44"},
    {file = "av-11.0.0-pp38-pypy38_pp73-manylinux_2_17_x86_64.manylinux2014_x86_64.whl", hash = "sha256:daa279c884457ab194ce78bdd89c0aa391af733da95fb3258d4c6eb8c258299a"},
    {file = "av-11.0.0-pp39-pypy39_pp73-macosx_10_9_x86_64.whl", hash = "sha256:1aacc21f4cf96447117a61edfb776afb73186750a5e08a21484ddfc3599aefb5"},
    {file = "av-11.0.0-pp39-pypy39_pp73-manylinux_2_17_aarch64.manylinux2014_aarch64.whl", hash = "sha256:2568b38eef777b916a5d02e42b8f67f92e12023531239ddd32e1ca4f3cdf8c5b"},
    {file = "av-11.0.0-pp39-pypy39_pp73-manylinux_2_17_i686.manylinux2014_i686.whl", hash = "sha256:747c6d347e27c59cc2e78c9c505d23cd88eceff0cc9386be73693ae9009a577c"},
    {file = "av-11.0.0-pp39-pypy39_pp73-manylinux_2_17_x86_64.manylinux2014_x86_64.whl", hash = "sha256:4bbd8f4941b9d3450eff40003b9b9d904667aec7ab085fa31f0f9bca32d755e0"},
    {file = "av-11.0.0-pp39-pypy39_pp73-win_amd64.whl", hash = "sha256:f39c1244ba0cf185b2722aeec116b8a98a2ee5728ce687cec0bda60ee0360dfc"},
    {file = "av-11.0.0.tar.gz", hash = "sha256:48223f000a252070f8e700ff634bb7fb3aa1b7bc7e450373029fbdd6f369ac31"},
]

[[package]]
name = "numpy"
version = "1.26.2"
description = "Fundamental package for array computing in Python"
optional = false
python-versions = ">=3.9"
files = [
    {file = "numpy-1.26.2-cp310-cp310-macosx_10_9_x86_64.whl", hash = "sha256:3703fc9258a4a122d17043e57b35e5ef1c5a5837c3db8be396c82e04c1cf9b0f"},
    {file = "numpy-1.26.2-cp310-cp310-macosx_11_0_arm64.whl", hash = "sha256:cc392fdcbd21d4be6ae1bb4475a03ce3b025cd49a9be5345d76d7585aea69440"},
    {file = "numpy-1.26.2-cp310-cp310-manylinux_2_17_aarch64.manylinux2014_aarch64.whl", hash = "sha256:36340109af8da8805d8851ef1d74761b3b88e81a9bd80b290bbfed61bd2b4f75"},
    {file = "numpy-1.26.2-cp310-cp310-manylinux_2_17_x86_64.manylinux2014_x86_64.whl", hash = "sha256:bcc008217145b3d77abd3e4d5ef586e3bdfba8fe17940769f8aa09b99e856c00"},
    {file = "numpy-1.26.2-cp310-cp310-musllinux_1_1_aarch64.whl", hash = "sha256:3ced40d4e9e18242f70dd02d739e44698df3dcb010d31f495ff00a31ef6014fe"},
    {file = "numpy-1.26.2-cp310-cp310-musllinux_1_1_x86_64.whl", hash = "sha256:b272d4cecc32c9e19911891446b72e986157e6a1809b7b56518b4f3755267523"},
    {file = "numpy-1.26.2-cp310-cp310-win32.whl", hash = "sha256:22f8fc02fdbc829e7a8c578dd8d2e15a9074b630d4da29cda483337e300e3ee9"},
    {file = "numpy-1.26.2-cp310-cp310-win_amd64.whl", hash = "sha256:26c9d33f8e8b846d5a65dd068c14e04018d05533b348d9eaeef6c1bd787f9919"},
    {file = "numpy-1.26.2-cp311-cp311-macosx_10_9_x86_64.whl", hash = "sha256:b96e7b9c624ef3ae2ae0e04fa9b460f6b9f17ad8b4bec6d7756510f1f6c0c841"},
    {file = "numpy-1.26.2-cp311-cp311-macosx_11_0_arm64.whl", hash = "sha256:aa18428111fb9a591d7a9cc1b48150097ba6a7e8299fb56bdf574df650e7d1f1"},
    {file = "numpy-1.26.2-cp311-cp311-manylinux_2_17_aarch64.manylinux2014_aarch64.whl", hash = "sha256:06fa1ed84aa60ea6ef9f91ba57b5ed963c3729534e6e54055fc151fad0423f0a"},
    {file = "numpy-1.26.2-cp311-cp311-manylinux_2_17_x86_64.manylinux2014_x86_64.whl", hash = "sha256:96ca5482c3dbdd051bcd1fce8034603d6ebfc125a7bd59f55b40d8f5d246832b"},
    {file = "numpy-1.26.2-cp311-cp311-musllinux_1_1_aarch64.whl", hash = "sha256:854ab91a2906ef29dc3925a064fcd365c7b4da743f84b123002f6139bcb3f8a7"},
    {file = "numpy-1.26.2-cp311-cp311-musllinux_1_1_x86_64.whl", hash = "sha256:f43740ab089277d403aa07567be138fc2a89d4d9892d113b76153e0e412409f8"},
    {file = "numpy-1.26.2-cp311-cp311-win32.whl", hash = "sha256:a2bbc29fcb1771cd7b7425f98b05307776a6baf43035d3b80c4b0f29e9545186"},
    {file = "numpy-1.26.2-cp311-cp311-win_amd64.whl", hash = "sha256:2b3fca8a5b00184828d12b073af4d0fc5fdd94b1632c2477526f6bd7842d700d"},
    {file = "numpy-1.26.2-cp312-cp312-macosx_10_9_x86_64.whl", hash = "sha256:a4cd6ed4a339c21f1d1b0fdf13426cb3b284555c27ac2f156dfdaaa7e16bfab0"},
    {file = "numpy-1.26.2-cp312-cp312-macosx_11_0_arm64.whl", hash = "sha256:5d5244aabd6ed7f312268b9247be47343a654ebea52a60f002dc70c769048e75"},
    {file = "numpy-1.26.2-cp312-cp312-manylinux_2_17_aarch64.manylinux2014_aarch64.whl", hash = "sha256:6a3cdb4d9c70e6b8c0814239ead47da00934666f668426fc6e94cce869e13fd7"},
    {file = "numpy-1.26.2-cp312-cp312-manylinux_2_17_x86_64.manylinux2014_x86_64.whl", hash = "sha256:aa317b2325f7aa0a9471663e6093c210cb2ae9c0ad824732b307d2c51983d5b6"},
    {file = "numpy-1.26.2-cp312-cp312-musllinux_1_1_aarch64.whl", hash = "sha256:174a8880739c16c925799c018f3f55b8130c1f7c8e75ab0a6fa9d41cab092fd6"},
    {file = "numpy-1.26.2-cp312-cp312-musllinux_1_1_x86_64.whl", hash = "sha256:f79b231bf5c16b1f39c7f4875e1ded36abee1591e98742b05d8a0fb55d8a3eec"},
    {file = "numpy-1.26.2-cp312-cp312-win32.whl", hash = "sha256:4a06263321dfd3598cacb252f51e521a8cb4b6df471bb12a7ee5cbab20ea9167"},
    {file = "numpy-1.26.2-cp312-cp312-win_amd64.whl", hash = "sha256:b04f5dc6b3efdaab541f7857351aac359e6ae3c126e2edb376929bd3b7f92d7e"},
    {file = "numpy-1.26.2-cp39-cp39-macosx_10_9_x86_64.whl", hash = "sha256:4eb8df4bf8d3d90d091e0146f6c28492b0be84da3e409ebef54349f71ed271ef"},
    {file = "numpy-1.26.2-cp39-cp39-macosx_11_0_arm64.whl", hash = "sha256:1a13860fdcd95de7cf58bd6f8bc5a5ef81c0b0625eb2c9a783948847abbef2c2"},
    {file = "numpy-1.26.2-cp39-cp39-manylinux_2_17_aarch64.manylinux2014_aarch64.whl", hash = "sha256:64308ebc366a8ed63fd0bf426b6a9468060962f1a4339ab1074c228fa6ade8e3"},
    {file = "numpy-1.26.2-cp39-cp39-manylinux_2_17_x86_64.manylinux2014_x86_64.whl", hash = "sha256:baf8aab04a2c0e859da118f0b38617e5ee65d75b83795055fb66c0d5e9e9b818"},
    {file = "numpy-1.26.2-cp39-cp39-musllinux_1_1_aarch64.whl", hash = "sha256:d73a3abcac238250091b11caef9ad12413dab01669511779bc9b29261dd50210"},
    {file = "numpy-1.26.2-cp39-cp39-musllinux_1_1_x86_64.whl", hash = "sha256:b361d369fc7e5e1714cf827b731ca32bff8d411212fccd29ad98ad622449cc36"},
    {file = "numpy-1.26.2-cp39-cp39-win32.whl", hash = "sha256:bd3f0091e845164a20bd5a326860c840fe2af79fa12e0469a12768a3ec578d80"},
    {file = "numpy-1.26.2-cp39-cp39-win_amd64.whl", hash = "sha256:2beef57fb031dcc0dc8fa4fe297a742027b954949cabb52a2a376c144e5e6060"},
    {file = "numpy-1.26.2-pp39-pypy39_pp73-macosx_10_9_x86_64.whl", hash = "sha256:1cc3d5029a30fb5f06704ad6b23b35e11309491c999838c31f124fee32107c79"},
    {file = "numpy-1.26.2-pp39-pypy39_pp73-manylinux_2_17_x86_64.manylinux2014_x86_64.whl", hash = "sha256:94cc3c222bb9fb5a12e334d0479b97bb2df446fbe622b470928f5284ffca3f8d"},
    {file = "numpy-1.26.2-pp39-pypy39_pp73-win_amd64.whl", hash = "sha256:fe6b44fb8fcdf7eda4ef4461b97b3f63c466b27ab151bec2366db8b197387841"},
    {file = "numpy-1.26.2.tar.gz", hash = "sha256:f65738447676ab5777f11e6bbbdb8ce11b785e105f690bc45966574816b6d3ea"},
]

[[package]]
name = "safetensors"
version = "0.4.0"
description = ""
optional = false
python-versions = ">=3.7"
files = [
    {file = "safetensors-0.4.0-cp310-cp310-macosx_10_7_x86_64.whl", hash = "sha256:2289ae6dbe6d027ecee016b28ced13a2e21a0b3a3a757a23033a2d1c0b1bad55"},
    {file = "safetensors-0.4.0-cp310-cp310-macosx_11_0_arm64.whl", hash = "sha256:bf6458959f310f551cbbeef2255527ade5f783f952738e73e4d0136198cc3bfe"},
    {file = "safetensors-0.4.0-cp310-cp310-manylinux_2_17_aarch64.manylinux2014_aarch64.whl", hash = "sha256:b6b60a58a8f7cc7aed3b5b73dce1f5259a53c83d9ba43a76a874e6ad868c1b4d"},
    {file = "safetensors-0.4.0-cp310-cp310-manylinux_2_17_armv7l.manylinux2014_armv7l.whl", hash = "sha256:491b3477e4d0d4599bb75d79da4b75af2e6ed9b1f6ec2b715991f0bc927bf09a"},
    {file = "safetensors-0.4.0-cp310-cp310-manylinux_2_17_ppc64le.manylinux2014_ppc64le.whl", hash = "sha256:59d2e10b7e0cd18bb73ed7c17c624a5957b003b81345e18159591771c26ee428"},
    {file = "safetensors-0.4.0-cp310-cp310-manylinux_2_17_s390x.manylinux2014_s390x.whl", hash = "sha256:3f667a4c12fb593f5f66ce966cb1b14a7148898b2b1a7f79e0761040ae1e3c51"},
    {file = "safetensors-0.4.0-cp310-cp310-manylinux_2_17_x86_64.manylinux2014_x86_64.whl", hash = "sha256:5f9909512bcb6f712bdd04c296cdfb0d8ff73d258ffc5af884bb62ea02d221e0"},
    {file = "safetensors-0.4.0-cp310-cp310-manylinux_2_5_i686.manylinux1_i686.whl", hash = "sha256:d33d29e846821f0e4f92614022949b09ccf063cb36fe2f9fe099cde1efbfbb87"},
    {file = "safetensors-0.4.0-cp310-cp310-musllinux_1_1_aarch64.whl", hash = "sha256:4d512525a8e05a045ce6698066ba0c5378c174a83e0b3720a8c7799dc1bb06f3"},
    {file = "safetensors-0.4.0-cp310-cp310-musllinux_1_1_x86_64.whl", hash = "sha256:0219cea445177f6ad1f9acd3a8d025440c8ff436d70a4a7c7ba9c36066aa9474"},
    {file = "safetensors-0.4.0-cp310-none-win32.whl", hash = "sha256:67ab171eeaad6972d3971c53d29d53353c67f6743284c6d637b59fa3e54c8a94"},
    {file = "safetensors-0.4.0-cp310-none-win_amd64.whl", hash = "sha256:7ffc736039f08a9ca1f09816a7481b8e4469c06e8f8a5ffa8cb67ddd79e6d77f"},
    {file = "safetensors-0.4.0-cp311-cp311-macosx_10_7_x86_64.whl", hash = "sha256:4fe9e3737b30de458225a23926219ca30b902ee779b6a3df96eaab2b6d625ec2"},
    {file = "safetensors-0.4.0-cp311-cp311-macosx_11_0_arm64.whl", hash = "sha256:e7916e814a90008de767b1c164a1d83803693c661ffe9af5a697b22e2752edb0"},
    {file = "safetensors-0.4.0-cp311-cp311-manylinux_2_17_aarch64.manylinux2014_aarch64.whl", hash = "sha256:cbc4a4da01143472323c145f3c289e5f6fabde0ac0a3414dabf912a21692fff4"},
    {file = "safetensors-0.4.0-cp311-cp311-manylinux_2_17_armv7l.manylinux2014_armv7l.whl", hash = "sha256:a54c21654a47669b38e359e8f852af754b786c9da884bb61ad5e9af12bd71ccb"},
    {file = "safetensors-0.4.0-cp311-cp311-manylinux_2_17_ppc64le.manylinux2014_ppc64le.whl", hash = "sha256:25cd407955bad5340ba17f9f8ac789a0d751601a311e2f7b2733f9384478c95e"},
    {file = "safetensors-0.4.0-cp311-cp311-manylinux_2_17_s390x.manylinux2014_s390x.whl", hash = "sha256:82e8fc4e3503cd738fd40718a430fe0e5ce6e7ff91a73d6ce628bbb89c41e8ce"},
    {file = "safetensors-0.4.0-cp311-cp311-manylinux_2_17_x86_64.manylinux2014_x86_64.whl", hash = "sha256:48b92059b1a4ad163024d4f526e0e73ebe2bb3ae70537e15e347820b4de5dc27"},
    {file = "safetensors-0.4.0-cp311-cp311-manylinux_2_5_i686.manylinux1_i686.whl", hash = "sha256:5daa05058f7dce85b5f9f60c4eab483ed7859d63978f08a76e52e78859ff20ca"},
    {file = "safetensors-0.4.0-cp311-cp311-musllinux_1_1_aarch64.whl", hash = "sha256:a86565a5c112dd855909e20144947b4f53abb78c4de207f36ca71ee63ba5b90d"},
    {file = "safetensors-0.4.0-cp311-cp311-musllinux_1_1_x86_64.whl", hash = "sha256:38032078ed9fea52d06584e441bccc73fb475c4581600c6d6166de2fe2deb3d1"},
    {file = "safetensors-0.4.0-cp311-none-win32.whl", hash = "sha256:2f99d90c91b7c76b40a862acd9085bc77f7974a27dee7cfcebe46149af5a99a1"},
    {file = "safetensors-0.4.0-cp311-none-win_amd64.whl", hash = "sha256:74e2a448ffe19be188b457b130168190ee73b5a75e45ba96796320c1f5ae35d2"},
    {file = "safetensors-0.4.0-cp312-cp312-macosx_10_7_x86_64.whl", hash = "sha256:1e2f9c69b41d03b4826ffb96b29e07444bb6b34a78a7bafd0b88d59e8ec75b8a"},
    {file = "safetensors-0.4.0-cp312-cp312-macosx_11_0_arm64.whl", hash = "sha256:3910fb5bf747413b59f1a34e6d2a993b589fa7d919709518823c70efaaa350bd"},
    {file = "safetensors-0.4.0-cp312-cp312-manylinux_2_17_aarch64.manylinux2014_aarch64.whl", hash = "sha256:cf8fdca709b2470a35a59b1e6dffea75cbe1214b22612b5dd4c93947697aea8b"},
    {file = "safetensors-0.4.0-cp312-cp312-manylinux_2_17_armv7l.manylinux2014_armv7l.whl", hash = "sha256:2f27b8ef814c5fb43456caeb7f3cbb889b76115180aad1f42402839c14a47c5b"},
    {file = "safetensors-0.4.0-cp312-cp312-manylinux_2_17_ppc64le.manylinux2014_ppc64le.whl", hash = "sha256:7b2d6101eccc43c7be0cb052f13ceda64288b3d8b344b988ed08d7133cbce2f3"},
    {file = "safetensors-0.4.0-cp312-cp312-manylinux_2_17_s390x.manylinux2014_s390x.whl", hash = "sha256:fdc34027b545a69be3d4220c140b276129523e4e46db06ad1a0b60d6a4cf9214"},
    {file = "safetensors-0.4.0-cp312-cp312-manylinux_2_17_x86_64.manylinux2014_x86_64.whl", hash = "sha256:db7bb48ca9e90bb9526c71b388d38d8de160c0354f4c5126df23e8701a870dcb"},
    {file = "safetensors-0.4.0-cp312-cp312-manylinux_2_5_i686.manylinux1_i686.whl", hash = "sha256:a78ffc0795d3595cd9e4d453502e35f764276c49e434b25556a15a337db4dafc"},
    {file = "safetensors-0.4.0-cp312-cp312-musllinux_1_1_aarch64.whl", hash = "sha256:8e735b0f79090f6855b55e205e820b7b595502ffca0009a5c13eef3661ce465b"},
    {file = "safetensors-0.4.0-cp312-cp312-musllinux_1_1_x86_64.whl", hash = "sha256:f8d2416734e850d5392afffbcb2b8985ea29fb171f1cb197e2ae51b8e35d6438"},
    {file = "safetensors-0.4.0-cp37-cp37m-macosx_10_7_x86_64.whl", hash = "sha256:e853e189ba7d47eaf561094586692ba2bbdd258c096f1755805cac098de0e6ab"},
    {file = "safetensors-0.4.0-cp37-cp37m-macosx_11_0_arm64.whl", hash = "sha256:4b2aa57b5a4d576f3d1dd6e56980026340f156f8a13c13016bfac4e25295b53f"},
    {file = "safetensors-0.4.0-cp37-cp37m-manylinux_2_17_aarch64.manylinux2014_aarch64.whl", hash = "sha256:3b6c1316ffde6cb4bf22c7445bc9fd224b4d1b9dd7320695f5611c89e802e4b6"},
    {file = "safetensors-0.4.0-cp37-cp37m-manylinux_2_17_armv7l.manylinux2014_armv7l.whl", hash = "sha256:003077ec85261d00061058fa12e3c1d2055366b02ce8f2938929359ffbaff2b8"},
    {file = "safetensors-0.4.0-cp37-cp37m-manylinux_2_17_ppc64le.manylinux2014_ppc64le.whl", hash = "sha256:bd63d83a92f1437a8b0431779320376030ae43ace980bea5686d515de0784100"},
    {file = "safetensors-0.4.0-cp37-cp37m-manylinux_2_17_s390x.manylinux2014_s390x.whl", hash = "sha256:2077801800b4b13301d8d6290c7fb5bd60737320001717153ebc4371776643b5"},
    {file = "safetensors-0.4.0-cp37-cp37m-manylinux_2_17_x86_64.manylinux2014_x86_64.whl", hash = "sha256:7abe0e157a49a75aeeccfbc4f3dac38d8f98512d3cdb35c200f8e628dc5773cf"},
    {file = "safetensors-0.4.0-cp37-cp37m-manylinux_2_5_i686.manylinux1_i686.whl", hash = "sha256:3bfed574f6b1e7e7fe1f17213278875ef6c6e8b1582ab6eda93947db1178cae6"},
    {file = "safetensors-0.4.0-cp37-cp37m-musllinux_1_1_aarch64.whl", hash = "sha256:964ef166a286ce3b023d0d0bd0e21d440a1c8028981c8abdb136bc7872ba9b3d"},
    {file = "safetensors-0.4.0-cp37-cp37m-musllinux_1_1_x86_64.whl", hash = "sha256:44f84373e42183bd56a13a1f2d8acb1db7fedaeffbd83e79cec861477eee1af4"},
    {file = "safetensors-0.4.0-cp37-none-win32.whl", hash = "sha256:c68132727dd86fb641102e494d445f705efe402f4d5e24b278183a15499ab400"},
    {file = "safetensors-0.4.0-cp37-none-win_amd64.whl", hash = "sha256:1db87155454c168aef118d5657a403aee48a4cb08d8851a981157f07351ea317"},
    {file = "safetensors-0.4.0-cp38-cp38-macosx_10_7_x86_64.whl", hash = "sha256:9e583fa68e5a07cc859c4e13c1ebff12029904aa2e27185cf04a1f57fe9a81c4"},
    {file = "safetensors-0.4.0-cp38-cp38-macosx_11_0_arm64.whl", hash = "sha256:73e7696dcf3f72f99545eb1abe6106ad65ff1f62381d6ce4b34be3272552897a"},
    {file = "safetensors-0.4.0-cp38-cp38-manylinux_2_17_aarch64.manylinux2014_aarch64.whl", hash = "sha256:4936096a57c62e84e200f92620a536be067fc5effe46ecc7f230ebb496ecd579"},
    {file = "safetensors-0.4.0-cp38-cp38-manylinux_2_17_armv7l.manylinux2014_armv7l.whl", hash = "sha256:87b328ee1591adac332543e1f5fc2c2d7f149b745ebb0d58d7850818ff9cee27"},
    {file = "safetensors-0.4.0-cp38-cp38-manylinux_2_17_ppc64le.manylinux2014_ppc64le.whl", hash = "sha256:b69554c143336256260eceff1d3c0969172a641b54d4668489a711b05f92a2c0"},
    {file = "safetensors-0.4.0-cp38-cp38-manylinux_2_17_s390x.manylinux2014_s390x.whl", hash = "sha256:3ebf6bcece5d5d1bd6416472f94604d2c834ca752ac60ed42dba7157e595a990"},
    {file = "safetensors-0.4.0-cp38-cp38-manylinux_2_17_x86_64.manylinux2014_x86_64.whl", hash = "sha256:6686ce01b8602d55a7d9903c90d4a6e6f90aeb6ddced7cf4605892d0ba94bcb8"},
    {file = "safetensors-0.4.0-cp38-cp38-manylinux_2_5_i686.manylinux1_i686.whl", hash = "sha256:9b8fd6cc2f3bda444a048b541c843c7b7fefc89c4120d7898ea7d5b026e93891"},
    {file = "safetensors-0.4.0-cp38-cp38-musllinux_1_1_aarch64.whl", hash = "sha256:8a6abfe67692f81b8bdb99c837f28351c17e624ebf136970c850ee989c720446"},
    {file = "safetensors-0.4.0-cp38-cp38-musllinux_1_1_x86_64.whl", hash = "sha256:27a24ca8822c469ee452db4c13418ba983315a0d863c018a9af15f2305eac38c"},
    {file = "safetensors-0.4.0-cp38-none-win32.whl", hash = "sha256:c4a0a47c8640167792d8261ee21b26430bbc39130a7edaad7f4c0bc05669d00e"},
    {file = "safetensors-0.4.0-cp38-none-win_amd64.whl", hash = "sha256:a738970a367f39249e2abb900d9441a8a86d7ff50083e5eaa6e7760a9f216014"},
    {file = "safetensors-0.4.0-cp39-cp39-macosx_10_7_x86_64.whl", hash = "sha256:806379f37e1abd5d302288c4b2f4186dd7ea7143d4c7811f90a8077f0ae8967b"},
    {file = "safetensors-0.4.0-cp39-cp39-macosx_11_0_arm64.whl", hash = "sha256:2b9b94133ed2ae9dda0e95dcace7b7556eba023ffa4c4ae6df8f99377f571d6a"},
    {file = "safetensors-0.4.0-cp39-cp39-manylinux_2_17_aarch64.manylinux2014_aarch64.whl", hash = "sha256:6b563a14c43614815a6b524d2e4edeaace50b717f7e7487bb227dd5b68350f5a"},
    {file = "safetensors-0.4.0-cp39-cp39-manylinux_2_17_armv7l.manylinux2014_armv7l.whl", hash = "sha256:00a9b157be660fb7ba88fa2eedd05ec93793a5b61e43e783e10cb0b995372802"},
    {file = "safetensors-0.4.0-cp39-cp39-manylinux_2_17_ppc64le.manylinux2014_ppc64le.whl", hash = "sha256:c8f194f45ab6aa767993c24f0aeb950af169dbc5d611b94c9021a1d13b8a1a34"},
    {file = "safetensors-0.4.0-cp39-cp39-manylinux_2_17_s390x.manylinux2014_s390x.whl", hash = "sha256:469360b9451db10bfed3881378d5a71b347ecb1ab4f42367d77b8164a13af70b"},
    {file = "safetensors-0.4.0-cp39-cp39-manylinux_2_17_x86_64.manylinux2014_x86_64.whl", hash = "sha256:f5f75fa97ccf32a3c7af476c6a0e851023197d3c078f6de3612008fff94735f9"},
    {file = "safetensors-0.4.0-cp39-cp39-manylinux_2_5_i686.manylinux1_i686.whl", hash = "sha256:acf0180283c2efae72f1d8c0a4a7974662091df01be3aa43b5237b1e52ed0a01"},
    {file = "safetensors-0.4.0-cp39-cp39-musllinux_1_1_aarch64.whl", hash = "sha256:cd02b495ba0814619f40bda46771bb06dbbf1d42524b66fa03b2a736c77e4515"},
    {file = "safetensors-0.4.0-cp39-cp39-musllinux_1_1_x86_64.whl", hash = "sha256:c42bdea183dbaa99e2f0e6120dc524df79cf4289a6f90f30a534444ef20f49fa"},
    {file = "safetensors-0.4.0-cp39-none-win32.whl", hash = "sha256:cef7bb5d9feae7146c3c3c7b3aef7d2c8b39ba7f5ff4252d368eb69462a47076"},
    {file = "safetensors-0.4.0-cp39-none-win_amd64.whl", hash = "sha256:79dd46fb1f19282fd12f544471efb97823ede927cedbf9cf35550d92b349fdd2"},
    {file = "safetensors-0.4.0-pp310-pypy310_pp73-macosx_10_7_x86_64.whl", hash = "sha256:002301c1afa32909f83745b0c124d002e7ae07e15671f3b43cbebd0ffc5e6037"},
    {file = "safetensors-0.4.0-pp310-pypy310_pp73-macosx_11_0_arm64.whl", hash = "sha256:67762d36ae088c73d4a3c96bfc4ea8d31233554f35b6cace3a18533238d462ea"},
    {file = "safetensors-0.4.0-pp310-pypy310_pp73-manylinux_2_17_aarch64.manylinux2014_aarch64.whl", hash = "sha256:0f45230f20a206e5e4c7f7bbf9342178410c6f8b0af889843aa99045a76f7691"},
    {file = "safetensors-0.4.0-pp310-pypy310_pp73-manylinux_2_17_x86_64.manylinux2014_x86_64.whl", hash = "sha256:8f2ca939bbd8fb2f4dfa28e39a146dad03bc9325e9fc831b68f7b98f69a5a2f1"},
    {file = "safetensors-0.4.0-pp310-pypy310_pp73-manylinux_2_5_i686.manylinux1_i686.whl", hash = "sha256:61a00f281391fae5ce91df70918bb61c12d2d514a493fd8056e12114be729911"},
    {file = "safetensors-0.4.0-pp310-pypy310_pp73-musllinux_1_1_aarch64.whl", hash = "sha256:435fd136a42492b280cb55126f9ce9535b35dd49df2c5d572a5945455a439448"},
    {file = "safetensors-0.4.0-pp310-pypy310_pp73-musllinux_1_1_x86_64.whl", hash = "sha256:f0daa788273d683258fb1e4a5e16bef4486b2fca536451a2591bc0f4a6488895"},
    {file = "safetensors-0.4.0-pp37-pypy37_pp73-macosx_10_7_x86_64.whl", hash = "sha256:0620ab0d41e390ccb1c4ea8f63dc00cb5f0b96a5cdd3cd0d64c21765720c074a"},
    {file = "safetensors-0.4.0-pp37-pypy37_pp73-manylinux_2_17_aarch64.manylinux2014_aarch64.whl", hash = "sha256:bc1fa8d067733cb67f22926689ee808f08afacf7700d2ffb44efae90a0693eb1"},
    {file = "safetensors-0.4.0-pp37-pypy37_pp73-manylinux_2_17_x86_64.manylinux2014_x86_64.whl", hash = "sha256:dcaa40bc363edda145db75cd030f3b1822e5478d550c3500a42502ecef32c959"},
    {file = "safetensors-0.4.0-pp37-pypy37_pp73-manylinux_2_5_i686.manylinux1_i686.whl", hash = "sha256:b561fbc044db7beff2ece0ec219a291809d45a38d30c6b38e7cc46482582f4ba"},
    {file = "safetensors-0.4.0-pp37-pypy37_pp73-musllinux_1_1_aarch64.whl", hash = "sha256:79a983b09782dacf9a1adb19bb98f4a8f6c3144108939f572c047b5797e43cf5"},
    {file = "safetensors-0.4.0-pp37-pypy37_pp73-musllinux_1_1_x86_64.whl", hash = "sha256:10b65cd3ad79f5d0daf281523b4146bc271a34bb7430d4e03212e0de8622dab8"},
    {file = "safetensors-0.4.0-pp38-pypy38_pp73-macosx_10_7_x86_64.whl", hash = "sha256:114decacc475a6a9e2f9102a00c171d113ddb5d35cb0bda0db2c0c82b2eaa9ce"},
    {file = "safetensors-0.4.0-pp38-pypy38_pp73-macosx_11_0_arm64.whl", hash = "sha256:72ddb741dd5fe42521db76a70e012f76995516a12e7e0ef26be03ea9be77802a"},
    {file = "safetensors-0.4.0-pp38-pypy38_pp73-manylinux_2_17_aarch64.manylinux2014_aarch64.whl", hash = "sha256:6c5556c2ec75f5a6134866eddd7341cb36062e6edaea343478a279591b63ddba"},
    {file = "safetensors-0.4.0-pp38-pypy38_pp73-manylinux_2_17_x86_64.manylinux2014_x86_64.whl", hash = "sha256:ed50f239b0ce7ae85b078395593b4a351ede7e6f73af25f4873e3392336f64c9"},
    {file = "safetensors-0.4.0-pp38-pypy38_pp73-manylinux_2_5_i686.manylinux1_i686.whl", hash = "sha256:495dcaea8fbab70b927d2274e2547824462737acbf98ccd851a71124f779a5c6"},
    {file = "safetensors-0.4.0-pp38-pypy38_pp73-musllinux_1_1_aarch64.whl", hash = "sha256:3f4d90c79a65ba2fe2ff0876f6140748f0a3ce6a21e27a35190f4f96321803f8"},
    {file = "safetensors-0.4.0-pp38-pypy38_pp73-musllinux_1_1_x86_64.whl", hash = "sha256:7a524382b5c55b5fbb168e0e9d3f502450c8cf3fb81b93e880018437c206a482"},
    {file = "safetensors-0.4.0-pp39-pypy39_pp73-macosx_10_7_x86_64.whl", hash = "sha256:9849ea60c7e840bfdd6030ad454d4a6ba837b3398c902f15a30460dd6961c28c"},
    {file = "safetensors-0.4.0-pp39-pypy39_pp73-macosx_11_0_arm64.whl", hash = "sha256:6c42623ae7045615d9eaa6877b9df1db4e9cc71ecc14bcc721ea1e475dddd595"},
    {file = "safetensors-0.4.0-pp39-pypy39_pp73-manylinux_2_17_aarch64.manylinux2014_aarch64.whl", hash = "sha256:80cb8342f00f3c41b3b93b1a599b84723280d3ac90829bc62262efc03ab28793"},
    {file = "safetensors-0.4.0-pp39-pypy39_pp73-manylinux_2_17_x86_64.manylinux2014_x86_64.whl", hash = "sha256:d8c4f5ed4ede384dea8c99bae76b0718a828dbf7b2c8ced1f44e3b9b1a124475"},
    {file = "safetensors-0.4.0-pp39-pypy39_pp73-manylinux_2_5_i686.manylinux1_i686.whl", hash = "sha256:40d7cf03493bfe75ef62e2c716314474b28d9ba5bf4909763e4b8dd14330c01a"},
    {file = "safetensors-0.4.0-pp39-pypy39_pp73-musllinux_1_1_aarch64.whl", hash = "sha256:232029f0a9fa6fa1f737324eda98a700409811186888536a2333cbbf64e41741"},
    {file = "safetensors-0.4.0-pp39-pypy39_pp73-musllinux_1_1_x86_64.whl", hash = "sha256:9ed55f4a20c78ff3e8477efb63c8303c2152cdfb3bfea4d025a80f54d38fd628"},
    {file = "safetensors-0.4.0.tar.gz", hash = "sha256:b985953c3cf11e942eac4317ef3db3da713e274109cf7cfb6076d877054f013e"},
]

[package.extras]
all = ["safetensors[jax]", "safetensors[numpy]", "safetensors[paddlepaddle]", "safetensors[pinned-tf]", "safetensors[quality]", "safetensors[testing]", "safetensors[torch]"]
dev = ["safetensors[all]"]
jax = ["flax (>=0.6.3)", "jax (>=0.3.25)", "jaxlib (>=0.3.25)", "safetensors[numpy]"]
numpy = ["numpy (>=1.21.6)"]
paddlepaddle = ["paddlepaddle (>=2.4.1)", "safetensors[numpy]"]
pinned-tf = ["safetensors[numpy]", "tensorflow (==2.11.0)"]
quality = ["black (==22.3)", "click (==8.0.4)", "flake8 (>=3.8.3)", "isort (>=5.5.4)"]
tensorflow = ["safetensors[numpy]", "tensorflow (>=2.11.0)"]
testing = ["h5py (>=3.7.0)", "huggingface_hub (>=0.12.1)", "hypothesis (>=6.70.2)", "pytest (>=7.2.0)", "pytest-benchmark (>=4.0.0)", "safetensors[numpy]", "setuptools_rust (>=1.5.2)"]
torch = ["safetensors[numpy]", "torch (>=1.10)"]

[[package]]
name = "scipy"
version = "1.11.3"
description = "Fundamental algorithms for scientific computing in Python"
optional = false
python-versions = "<3.13,>=3.9"
files = [
    {file = "scipy-1.11.3-cp310-cp310-macosx_10_9_x86_64.whl", hash = "sha256:370f569c57e1d888304052c18e58f4a927338eafdaef78613c685ca2ea0d1fa0"},
    {file = "scipy-1.11.3-cp310-cp310-macosx_12_0_arm64.whl", hash = "sha256:9885e3e4f13b2bd44aaf2a1a6390a11add9f48d5295f7a592393ceb8991577a3"},
    {file = "scipy-1.11.3-cp310-cp310-manylinux_2_17_aarch64.manylinux2014_aarch64.whl", hash = "sha256:e04aa19acc324a1a076abb4035dabe9b64badb19f76ad9c798bde39d41025cdc"},
    {file = "scipy-1.11.3-cp310-cp310-manylinux_2_17_x86_64.manylinux2014_x86_64.whl", hash = "sha256:3e1a8a4657673bfae1e05e1e1d6e94b0cabe5ed0c7c144c8aa7b7dbb774ce5c1"},
    {file = "scipy-1.11.3-cp310-cp310-musllinux_1_1_x86_64.whl", hash = "sha256:7abda0e62ef00cde826d441485e2e32fe737bdddee3324e35c0e01dee65e2a88"},
    {file = "scipy-1.11.3-cp310-cp310-win_amd64.whl", hash = "sha256:033c3fd95d55012dd1148b201b72ae854d5086d25e7c316ec9850de4fe776929"},
    {file = "scipy-1.11.3-cp311-cp311-macosx_10_9_x86_64.whl", hash = "sha256:925c6f09d0053b1c0f90b2d92d03b261e889b20d1c9b08a3a51f61afc5f58165"},
    {file = "scipy-1.11.3-cp311-cp311-macosx_12_0_arm64.whl", hash = "sha256:5664e364f90be8219283eeb844323ff8cd79d7acbd64e15eb9c46b9bc7f6a42a"},
    {file = "scipy-1.11.3-cp311-cp311-manylinux_2_17_aarch64.manylinux2014_aarch64.whl", hash = "sha256:00f325434b6424952fbb636506f0567898dca7b0f7654d48f1c382ea338ce9a3"},
    {file = "scipy-1.11.3-cp311-cp311-manylinux_2_17_x86_64.manylinux2014_x86_64.whl", hash = "sha256:5f290cf561a4b4edfe8d1001ee4be6da60c1c4ea712985b58bf6bc62badee221"},
    {file = "scipy-1.11.3-cp311-cp311-musllinux_1_1_x86_64.whl", hash = "sha256:91770cb3b1e81ae19463b3c235bf1e0e330767dca9eb4cd73ba3ded6c4151e4d"},
    {file = "scipy-1.11.3-cp311-cp311-win_amd64.whl", hash = "sha256:e1f97cd89c0fe1a0685f8f89d85fa305deb3067d0668151571ba50913e445820"},
    {file = "scipy-1.11.3-cp312-cp312-macosx_10_9_x86_64.whl", hash = "sha256:dfcc1552add7cb7c13fb70efcb2389d0624d571aaf2c80b04117e2755a0c5d15"},
    {file = "scipy-1.11.3-cp312-cp312-macosx_12_0_arm64.whl", hash = "sha256:0d3a136ae1ff0883fffbb1b05b0b2fea251cb1046a5077d0b435a1839b3e52b7"},
    {file = "scipy-1.11.3-cp312-cp312-manylinux_2_17_aarch64.manylinux2014_aarch64.whl", hash = "sha256:bae66a2d7d5768eaa33008fa5a974389f167183c87bf39160d3fefe6664f8ddc"},
    {file = "scipy-1.11.3-cp312-cp312-manylinux_2_17_x86_64.manylinux2014_x86_64.whl", hash = "sha256:d2f6dee6cbb0e263b8142ed587bc93e3ed5e777f1f75448d24fb923d9fd4dce6"},
    {file = "scipy-1.11.3-cp312-cp312-musllinux_1_1_x86_64.whl", hash = "sha256:74e89dc5e00201e71dd94f5f382ab1c6a9f3ff806c7d24e4e90928bb1aafb280"},
    {file = "scipy-1.11.3-cp312-cp312-win_amd64.whl", hash = "sha256:90271dbde4be191522b3903fc97334e3956d7cfb9cce3f0718d0ab4fd7d8bfd6"},
    {file = "scipy-1.11.3-cp39-cp39-macosx_10_9_x86_64.whl", hash = "sha256:a63d1ec9cadecce838467ce0631c17c15c7197ae61e49429434ba01d618caa83"},
    {file = "scipy-1.11.3-cp39-cp39-macosx_12_0_arm64.whl", hash = "sha256:5305792c7110e32ff155aed0df46aa60a60fc6e52cd4ee02cdeb67eaccd5356e"},
    {file = "scipy-1.11.3-cp39-cp39-manylinux_2_17_aarch64.manylinux2014_aarch64.whl", hash = "sha256:9ea7f579182d83d00fed0e5c11a4aa5ffe01460444219dedc448a36adf0c3917"},
    {file = "scipy-1.11.3-cp39-cp39-manylinux_2_17_x86_64.manylinux2014_x86_64.whl", hash = "sha256:c77da50c9a91e23beb63c2a711ef9e9ca9a2060442757dffee34ea41847d8156"},
    {file = "scipy-1.11.3-cp39-cp39-musllinux_1_1_x86_64.whl", hash = "sha256:15f237e890c24aef6891c7d008f9ff7e758c6ef39a2b5df264650eb7900403c0"},
    {file = "scipy-1.11.3-cp39-cp39-win_amd64.whl", hash = "sha256:4b4bb134c7aa457e26cc6ea482b016fef45db71417d55cc6d8f43d799cdf9ef2"},
    {file = "scipy-1.11.3.tar.gz", hash = "sha256:bba4d955f54edd61899776bad459bf7326e14b9fa1c552181f0479cc60a568cd"},
]

[package.dependencies]
numpy = ">=1.21.6,<1.28.0"

[package.extras]
dev = ["click", "cython-lint (>=0.12.2)", "doit (>=0.36.0)", "mypy", "pycodestyle", "pydevtool", "rich-click", "ruff", "types-psutil", "typing_extensions"]
doc = ["jupytext", "matplotlib (>2)", "myst-nb", "numpydoc", "pooch", "pydata-sphinx-theme (==0.9.0)", "sphinx (!=4.1.0)", "sphinx-design (>=0.2.0)"]
test = ["asv", "gmpy2", "mpmath", "pooch", "pytest", "pytest-cov", "pytest-timeout", "pytest-xdist", "scikit-umfpack", "threadpoolctl"]

[metadata]
lock-version = "2.0"
python-versions = "^3.11,<3.13"
content-hash = "cb7470b6eebbdb53f017a0473530607f45c2f897f6bb460f3e145a222e1e2f8e"
